// !$*UTF8*$!
{
	archiveVersion = 1;
	classes = {
	};
	objectVersion = 46;
	objects = {

/* Begin PBXBuildFile section */
		7A54E9D41945220500B61F9D /* AppDelegate.swift in Sources */ = {isa = PBXBuildFile; fileRef = 7A54E9D31945220500B61F9D /* AppDelegate.swift */; };
		7A54E9D71945220500B61F9D /* FlashCard.xcdatamodeld in Sources */ = {isa = PBXBuildFile; fileRef = 7A54E9D51945220500B61F9D /* FlashCard.xcdatamodeld */; };
		7A54E9D91945220500B61F9D /* ViewController.swift in Sources */ = {isa = PBXBuildFile; fileRef = 7A54E9D81945220500B61F9D /* ViewController.swift */; };
		7A54E9DC1945220500B61F9D /* Main.storyboard in Resources */ = {isa = PBXBuildFile; fileRef = 7A54E9DA1945220500B61F9D /* Main.storyboard */; };
		7A54E9DE1945220500B61F9D /* Images.xcassets in Resources */ = {isa = PBXBuildFile; fileRef = 7A54E9DD1945220500B61F9D /* Images.xcassets */; };
		7A54E9EA1945220500B61F9D /* FlashCardTests.swift in Sources */ = {isa = PBXBuildFile; fileRef = 7A54E9E91945220500B61F9D /* FlashCardTests.swift */; };
/* End PBXBuildFile section */

/* Begin PBXContainerItemProxy section */
		7A54E9E41945220500B61F9D /* PBXContainerItemProxy */ = {
			isa = PBXContainerItemProxy;
			containerPortal = 7A54E9C61945220500B61F9D /* Project object */;
			proxyType = 1;
			remoteGlobalIDString = 7A54E9CD1945220500B61F9D;
			remoteInfo = FlashCard;
		};
/* End PBXContainerItemProxy section */

/* Begin PBXFileReference section */
		7A54E9CE1945220500B61F9D /* FlashCard.app */ = {isa = PBXFileReference; explicitFileType = wrapper.application; includeInIndex = 0; path = FlashCard.app; sourceTree = BUILT_PRODUCTS_DIR; };
		7A54E9D21945220500B61F9D /* Info.plist */ = {isa = PBXFileReference; lastKnownFileType = text.plist.xml; path = Info.plist; sourceTree = "<group>"; };
		7A54E9D31945220500B61F9D /* AppDelegate.swift */ = {isa = PBXFileReference; lastKnownFileType = sourcecode.swift; path = AppDelegate.swift; sourceTree = "<group>"; };
		7A54E9D61945220500B61F9D /* FlashCard.xcdatamodel */ = {isa = PBXFileReference; lastKnownFileType = wrapper.xcdatamodel; path = FlashCard.xcdatamodel; sourceTree = "<group>"; };
		7A54E9D81945220500B61F9D /* ViewController.swift */ = {isa = PBXFileReference; lastKnownFileType = sourcecode.swift; path = ViewController.swift; sourceTree = "<group>"; };
		7A54E9DB1945220500B61F9D /* Base */ = {isa = PBXFileReference; lastKnownFileType = file.storyboard; name = Base; path = Base.lproj/Main.storyboard; sourceTree = "<group>"; };
		7A54E9DD1945220500B61F9D /* Images.xcassets */ = {isa = PBXFileReference; lastKnownFileType = folder.assetcatalog; path = Images.xcassets; sourceTree = "<group>"; };
		7A54E9E31945220500B61F9D /* FlashCardTests.xctest */ = {isa = PBXFileReference; explicitFileType = wrapper.cfbundle; includeInIndex = 0; path = FlashCardTests.xctest; sourceTree = BUILT_PRODUCTS_DIR; };
		7A54E9E81945220500B61F9D /* Info.plist */ = {isa = PBXFileReference; lastKnownFileType = text.plist.xml; path = Info.plist; sourceTree = "<group>"; };
		7A54E9E91945220500B61F9D /* FlashCardTests.swift */ = {isa = PBXFileReference; lastKnownFileType = sourcecode.swift; path = FlashCardTests.swift; sourceTree = "<group>"; };
/* End PBXFileReference section */

/* Begin PBXFrameworksBuildPhase section */
		7A54E9CB1945220500B61F9D /* Frameworks */ = {
			isa = PBXFrameworksBuildPhase;
			buildActionMask = 2147483647;
			files = (
			);
			runOnlyForDeploymentPostprocessing = 0;
		};
		7A54E9E01945220500B61F9D /* Frameworks */ = {
			isa = PBXFrameworksBuildPhase;
			buildActionMask = 2147483647;
			files = (
			);
			runOnlyForDeploymentPostprocessing = 0;
		};
/* End PBXFrameworksBuildPhase section */

/* Begin PBXGroup section */
		7A54E9C51945220500B61F9D = {
			isa = PBXGroup;
			children = (
				7A54E9D01945220500B61F9D /* FlashCard */,
				7A54E9E61945220500B61F9D /* FlashCardTests */,
				7A54E9CF1945220500B61F9D /* Products */,
			);
			sourceTree = "<group>";
		};
		7A54E9CF1945220500B61F9D /* Products */ = {
			isa = PBXGroup;
			children = (
				7A54E9CE1945220500B61F9D /* FlashCard.app */,
				7A54E9E31945220500B61F9D /* FlashCardTests.xctest */,
			);
			name = Products;
			sourceTree = "<group>";
		};
		7A54E9D01945220500B61F9D /* FlashCard */ = {
			isa = PBXGroup;
			children = (
				7A54E9D31945220500B61F9D /* AppDelegate.swift */,
				7A54E9D81945220500B61F9D /* ViewController.swift */,
				7A54E9DA1945220500B61F9D /* Main.storyboard */,
				7A54E9DD1945220500B61F9D /* Images.xcassets */,
				7A54E9D51945220500B61F9D /* FlashCard.xcdatamodeld */,
				7A54E9D11945220500B61F9D /* Supporting Files */,
			);
			path = FlashCard;
			sourceTree = "<group>";
		};
		7A54E9D11945220500B61F9D /* Supporting Files */ = {
			isa = PBXGroup;
			children = (
				7A54E9D21945220500B61F9D /* Info.plist */,
			);
			name = "Supporting Files";
			sourceTree = "<group>";
		};
		7A54E9E61945220500B61F9D /* FlashCardTests */ = {
			isa = PBXGroup;
			children = (
				7A54E9E91945220500B61F9D /* FlashCardTests.swift */,
				7A54E9E71945220500B61F9D /* Supporting Files */,
			);
			path = FlashCardTests;
			sourceTree = "<group>";
		};
		7A54E9E71945220500B61F9D /* Supporting Files */ = {
			isa = PBXGroup;
			children = (
				7A54E9E81945220500B61F9D /* Info.plist */,
			);
			name = "Supporting Files";
			sourceTree = "<group>";
		};
/* End PBXGroup section */

/* Begin PBXNativeTarget section */
		7A54E9CD1945220500B61F9D /* FlashCard */ = {
			isa = PBXNativeTarget;
			buildConfigurationList = 7A54E9ED1945220500B61F9D /* Build configuration list for PBXNativeTarget "FlashCard" */;
			buildPhases = (
				7A54E9CA1945220500B61F9D /* Sources */,
				7A54E9CB1945220500B61F9D /* Frameworks */,
				7A54E9CC1945220500B61F9D /* Resources */,
			);
			buildRules = (
			);
			dependencies = (
			);
			name = FlashCard;
			productName = FlashCard;
			productReference = 7A54E9CE1945220500B61F9D /* FlashCard.app */;
			productType = "com.apple.product-type.application";
		};
		7A54E9E21945220500B61F9D /* FlashCardTests */ = {
			isa = PBXNativeTarget;
			buildConfigurationList = 7A54E9F01945220500B61F9D /* Build configuration list for PBXNativeTarget "FlashCardTests" */;
			buildPhases = (
				7A54E9DF1945220500B61F9D /* Sources */,
				7A54E9E01945220500B61F9D /* Frameworks */,
				7A54E9E11945220500B61F9D /* Resources */,
			);
			buildRules = (
			);
			dependencies = (
				7A54E9E51945220500B61F9D /* PBXTargetDependency */,
			);
			name = FlashCardTests;
			productName = FlashCardTests;
			productReference = 7A54E9E31945220500B61F9D /* FlashCardTests.xctest */;
			productType = "com.apple.product-type.bundle.unit-test";
		};
/* End PBXNativeTarget section */

/* Begin PBXProject section */
		7A54E9C61945220500B61F9D /* Project object */ = {
			isa = PBXProject;
			attributes = {
				LastUpgradeCheck = 0600;
				ORGANIZATIONNAME = "Zhang, Xiaolong";
				TargetAttributes = {
					7A54E9CD1945220500B61F9D = {
						CreatedOnToolsVersion = 6.0;
					};
					7A54E9E21945220500B61F9D = {
						CreatedOnToolsVersion = 6.0;
						TestTargetID = 7A54E9CD1945220500B61F9D;
					};
				};
			};
			buildConfigurationList = 7A54E9C91945220500B61F9D /* Build configuration list for PBXProject "FlashCard" */;
			compatibilityVersion = "Xcode 3.2";
			developmentRegion = English;
			hasScannedForEncodings = 0;
			knownRegions = (
				en,
				Base,
			);
			mainGroup = 7A54E9C51945220500B61F9D;
			productRefGroup = 7A54E9CF1945220500B61F9D /* Products */;
			projectDirPath = "";
			projectRoot = "";
			targets = (
				7A54E9CD1945220500B61F9D /* FlashCard */,
				7A54E9E21945220500B61F9D /* FlashCardTests */,
			);
		};
/* End PBXProject section */

/* Begin PBXResourcesBuildPhase section */
		7A54E9CC1945220500B61F9D /* Resources */ = {
			isa = PBXResourcesBuildPhase;
			buildActionMask = 2147483647;
			files = (
				7A54E9DC1945220500B61F9D /* Main.storyboard in Resources */,
				7A54E9DE1945220500B61F9D /* Images.xcassets in Resources */,
			);
			runOnlyForDeploymentPostprocessing = 0;
		};
		7A54E9E11945220500B61F9D /* Resources */ = {
			isa = PBXResourcesBuildPhase;
			buildActionMask = 2147483647;
			files = (
			);
			runOnlyForDeploymentPostprocessing = 0;
		};
/* End PBXResourcesBuildPhase section */

/* Begin PBXSourcesBuildPhase section */
		7A54E9CA1945220500B61F9D /* Sources */ = {
			isa = PBXSourcesBuildPhase;
			buildActionMask = 2147483647;
			files = (
				7A54E9D91945220500B61F9D /* ViewController.swift in Sources */,
				7A54E9D71945220500B61F9D /* FlashCard.xcdatamodeld in Sources */,
				7A54E9D41945220500B61F9D /* AppDelegate.swift in Sources */,
			);
			runOnlyForDeploymentPostprocessing = 0;
		};
		7A54E9DF1945220500B61F9D /* Sources */ = {
			isa = PBXSourcesBuildPhase;
			buildActionMask = 2147483647;
			files = (
				7A54E9EA1945220500B61F9D /* FlashCardTests.swift in Sources */,
			);
			runOnlyForDeploymentPostprocessing = 0;
		};
/* End PBXSourcesBuildPhase section */

/* Begin PBXTargetDependency section */
		7A54E9E51945220500B61F9D /* PBXTargetDependency */ = {
			isa = PBXTargetDependency;
			target = 7A54E9CD1945220500B61F9D /* FlashCard */;
			targetProxy = 7A54E9E41945220500B61F9D /* PBXContainerItemProxy */;
		};
/* End PBXTargetDependency section */

/* Begin PBXVariantGroup section */
		7A54E9DA1945220500B61F9D /* Main.storyboard */ = {
			isa = PBXVariantGroup;
			children = (
				7A54E9DB1945220500B61F9D /* Base */,
			);
			name = Main.storyboard;
			sourceTree = "<group>";
		};
/* End PBXVariantGroup section */

/* Begin XCBuildConfiguration section */
		7A54E9EB1945220500B61F9D /* Debug */ = {
			isa = XCBuildConfiguration;
			buildSettings = {
				ALWAYS_SEARCH_USER_PATHS = NO;
				CLANG_CXX_LANGUAGE_STANDARD = "gnu++0x";
				CLANG_CXX_LIBRARY = "libc++";
				CLANG_ENABLE_MODULES = YES;
				CLANG_ENABLE_OBJC_ARC = YES;
				CLANG_WARN_BOOL_CONVERSION = YES;
				CLANG_WARN_CONSTANT_CONVERSION = YES;
				CLANG_WARN_DIRECT_OBJC_ISA_USAGE = YES_ERROR;
				CLANG_WARN_EMPTY_BODY = YES;
				CLANG_WARN_ENUM_CONVERSION = YES;
				CLANG_WARN_INT_CONVERSION = YES;
				CLANG_WARN_OBJC_ROOT_CLASS = YES_ERROR;
				CLANG_WARN_UNREACHABLE_CODE = YES;
				CLANG_WARN__DUPLICATE_METHOD_MATCH = YES;
				"CODE_SIGN_IDENTITY[sdk=iphoneos*]" = "iPhone Developer";
				COPY_PHASE_STRIP = NO;
				ENABLE_STRICT_OBJC_MSGSEND = YES;
				GCC_C_LANGUAGE_STANDARD = gnu99;
				GCC_DYNAMIC_NO_PIC = NO;
				GCC_OPTIMIZATION_LEVEL = 0;
				GCC_PREPROCESSOR_DEFINITIONS = (
					"DEBUG=1",
					"$(inherited)",
				);
				GCC_SYMBOLS_PRIVATE_EXTERN = NO;
				GCC_WARN_64_TO_32_BIT_CONVERSION = YES;
				GCC_WARN_ABOUT_RETURN_TYPE = YES_ERROR;
				GCC_WARN_UNDECLARED_SELECTOR = YES;
				GCC_WARN_UNINITIALIZED_AUTOS = YES_AGGRESSIVE;
				GCC_WARN_UNUSED_FUNCTION = YES;
				GCC_WARN_UNUSED_VARIABLE = YES;
				IPHONEOS_DEPLOYMENT_TARGET = 8.0;
				METAL_ENABLE_DEBUG_INFO = YES;
				ONLY_ACTIVE_ARCH = YES;
				SDKROOT = iphoneos;
				SWIFT_OPTIMIZATION_LEVEL = "-Onone";
			};
			name = Debug;
		};
		7A54E9EC1945220500B61F9D /* Release */ = {
			isa = XCBuildConfiguration;
			buildSettings = {
				ALWAYS_SEARCH_USER_PATHS = NO;
				CLANG_CXX_LANGUAGE_STANDARD = "gnu++0x";
				CLANG_CXX_LIBRARY = "libc++";
				CLANG_ENABLE_MODULES = YES;
				CLANG_ENABLE_OBJC_ARC = YES;
				CLANG_WARN_BOOL_CONVERSION = YES;
				CLANG_WARN_CONSTANT_CONVERSION = YES;
				CLANG_WARN_DIRECT_OBJC_ISA_USAGE = YES_ERROR;
				CLANG_WARN_EMPTY_BODY = YES;
				CLANG_WARN_ENUM_CONVERSION = YES;
				CLANG_WARN_INT_CONVERSION = YES;
				CLANG_WARN_OBJC_ROOT_CLASS = YES_ERROR;
				CLANG_WARN_UNREACHABLE_CODE = YES;
				CLANG_WARN__DUPLICATE_METHOD_MATCH = YES;
				"CODE_SIGN_IDENTITY[sdk=iphoneos*]" = "iPhone Developer";
				COPY_PHASE_STRIP = YES;
				ENABLE_NS_ASSERTIONS = NO;
				ENABLE_STRICT_OBJC_MSGSEND = YES;
				GCC_C_LANGUAGE_STANDARD = gnu99;
				GCC_WARN_64_TO_32_BIT_CONVERSION = YES;
				GCC_WARN_ABOUT_RETURN_TYPE = YES_ERROR;
				GCC_WARN_UNDECLARED_SELECTOR = YES;
				GCC_WARN_UNINITIALIZED_AUTOS = YES_AGGRESSIVE;
				GCC_WARN_UNUSED_FUNCTION = YES;
				GCC_WARN_UNUSED_VARIABLE = YES;
				IPHONEOS_DEPLOYMENT_TARGET = 8.0;
				METAL_ENABLE_DEBUG_INFO = NO;
				SDKROOT = iphoneos;
				VALIDATE_PRODUCT = YES;
			};
			name = Release;
		};
		7A54E9EE1945220500B61F9D /* Debug */ = {
			isa = XCBuildConfiguration;
			buildSettings = {
				ASSETCATALOG_COMPILER_APPICON_NAME = AppIcon;
				ASSETCATALOG_COMPILER_LAUNCHIMAGE_NAME = LaunchImage;
				INFOPLIST_FILE = FlashCard/Info.plist;
				LD_RUNPATH_SEARCH_PATHS = "$(inherited) @executable_path/Frameworks";
				PRODUCT_NAME = "$(TARGET_NAME)";
			};
			name = Debug;
		};
		7A54E9EF1945220500B61F9D /* Release */ = {
			isa = XCBuildConfiguration;
			buildSettings = {
				ASSETCATALOG_COMPILER_APPICON_NAME = AppIcon;
				ASSETCATALOG_COMPILER_LAUNCHIMAGE_NAME = LaunchImage;
				INFOPLIST_FILE = FlashCard/Info.plist;
				LD_RUNPATH_SEARCH_PATHS = "$(inherited) @executable_path/Frameworks";
				PRODUCT_NAME = "$(TARGET_NAME)";
			};
			name = Release;
		};
		7A54E9F11945220500B61F9D /* Debug */ = {
			isa = XCBuildConfiguration;
			buildSettings = {
				BUNDLE_LOADER = "$(BUILT_PRODUCTS_DIR)/FlashCard.app/FlashCard";
				FRAMEWORK_SEARCH_PATHS = (
					"$(SDKROOT)/Developer/Library/Frameworks",
					"$(inherited)",
				);
				GCC_PREPROCESSOR_DEFINITIONS = (
					"DEBUG=1",
					"$(inherited)",
				);
				INFOPLIST_FILE = FlashCardTests/Info.plist;
				LD_RUNPATH_SEARCH_PATHS = "$(inherited) @executable_path/Frameworks @loader_path/Frameworks";
				METAL_ENABLE_DEBUG_INFO = YES;
				PRODUCT_NAME = "$(TARGET_NAME)";
				TEST_HOST = "$(BUNDLE_LOADER)";
			};
			name = Debug;
		};
		7A54E9F21945220500B61F9D /* Release */ = {
			isa = XCBuildConfiguration;
			buildSettings = {
				BUNDLE_LOADER = "$(BUILT_PRODUCTS_DIR)/FlashCard.app/FlashCard";
				FRAMEWORK_SEARCH_PATHS = (
					"$(SDKROOT)/Developer/Library/Frameworks",
					"$(inherited)",
				);
				INFOPLIST_FILE = FlashCardTests/Info.plist;
				LD_RUNPATH_SEARCH_PATHS = "$(inherited) @executable_path/Frameworks @loader_path/Frameworks";
				METAL_ENABLE_DEBUG_INFO = NO;
				PRODUCT_NAME = "$(TARGET_NAME)";
				TEST_HOST = "$(BUNDLE_LOADER)";
			};
			name = Release;
		};
/* End XCBuildConfiguration section */

/* Begin XCConfigurationList section */
		7A54E9C91945220500B61F9D /* Build configuration list for PBXProject "FlashCard" */ = {
			isa = XCConfigurationList;
			buildConfigurations = (
				7A54E9EB1945220500B61F9D /* Debug */,
				7A54E9EC1945220500B61F9D /* Release */,
			);
			defaultConfigurationIsVisible = 0;
			defaultConfigurationName = Release;
		};
		7A54E9ED1945220500B61F9D /* Build configuration list for PBXNativeTarget "FlashCard" */ = {
			isa = XCConfigurationList;
			buildConfigurations = (
				7A54E9EE1945220500B61F9D /* Debug */,
				7A54E9EF1945220500B61F9D /* Release */,
			);
			defaultConfigurationIsVisible = 0;
		};
		7A54E9F01945220500B61F9D /* Build configuration list for PBXNativeTarget "FlashCardTests" */ = {
			isa = XCConfigurationList;
			buildConfigurations = (
				7A54E9F11945220500B61F9D /* Debug */,
				7A54E9F21945220500B61F9D /* Release */,
			);
			defaultConfigurationIsVisible = 0;
		};
/* End XCConfigurationList section */

/* Begin XCVersionGroup section */
		7A54E9D51945220500B61F9D /* FlashCard.xcdatamodeld */ = {
			isa = XCVersionGroup;
			children = (
				7A54E9D61945220500B61F9D /* FlashCard.xcdatamodel */,
			);
			currentVersion = 7A54E9D61945220500B61F9D /* FlashCard.xcdatamodel */;
			path = FlashCard.xcdatamodeld;
			sourceTree = "<group>";
			versionGroupType = wrapper.xcdatamodel;
		};
/* End XCVersionGroup section */
	};
	rootObject = 7A54E9C61945220500B61F9D /* Project object */;
}
